
Microsoft Visual Studio Solution File, Format Version 11.00
# Visual Studio 2010
Project("{8BC9CEB8-8B4A-11D0-8D11-00A0C91BC942}") = "Words_of_Wisdom", "Words_of_Wisdom\Words_of_Wisdom.vcxproj", "{A9306876-695C-46B0-BF61-4D65EA480D8C}"
EndProject
Global
	GlobalSection(SolutionConfigurationPlatforms) = preSolution
		Debug|Win32 = Debug|Win32
		Release|Win32 = Release|Win32
	EndGlobalSection
	GlobalSection(ProjectConfigurationPlatforms) = postSolution
		{A9306876-695C-46B0-BF61-4D65EA480D8C}.Debug|Win32.ActiveCfg = Debug|Win32
		{A9306876-695C-46B0-BF61-4D65EA480D8C}.Debug|Win32.Build.0 = Debug|Win32
		{A9306876-695C-46B0-BF61-4D65EA480D8C}.Release|Win32.ActiveCfg = Release|Win32
		{A9306876-695C-46B0-BF61-4D65EA480D8C}.Release|Win32.Build.0 = Release|Win32
	EndGlobalSection
	GlobalSection(SolutionProperties) = preSolution
		HideSolutionNode = FALSE
	EndGlobalSection
EndGlobal
