
Microsoft Visual Studio Solution File, Format Version 11.00
# Visual Studio 2010
Project("{8BC9CEB8-8B4A-11D0-8D11-00A0C91BC942}") = "Memories from a Distant Past", "Memories from a Distant Past.vcxproj", "{C46D297E-8D9F-4E9F-ADFF-83135CC74A82}"
EndProject
Global
	GlobalSection(SolutionConfigurationPlatforms) = preSolution
		Debug|Win32 = Debug|Win32
		Release|Win32 = Release|Win32
	EndGlobalSection
	GlobalSection(ProjectConfigurationPlatforms) = postSolution
		{C46D297E-8D9F-4E9F-ADFF-83135CC74A82}.Debug|Win32.ActiveCfg = Debug|Win32
		{C46D297E-8D9F-4E9F-ADFF-83135CC74A82}.Debug|Win32.Build.0 = Debug|Win32
		{C46D297E-8D9F-4E9F-ADFF-83135CC74A82}.Release|Win32.ActiveCfg = Release|Win32
		{C46D297E-8D9F-4E9F-ADFF-83135CC74A82}.Release|Win32.Build.0 = Release|Win32
	EndGlobalSection
	GlobalSection(SolutionProperties) = preSolution
		HideSolutionNode = FALSE
	EndGlobalSection
EndGlobal
